
Microsoft Visual Studio Solution File, Format Version 12.00
# Visual Studio Version 17
VisualStudioVersion = 17.14.36414.22
MinimumVisualStudioVersion = 10.0.40219.1
Project("{FAE04EC0-301F-11D3-BF4B-00C04F79EFBC}") = "E8Tools.V8Unpack", "E8Tools.V8Unpack\E8Tools.V8Unpack.csproj", "{1FC8B7FD-5DFA-4D10-92EF-EDC49CFA5C7B}"
EndProject
Project("{FAE04EC0-301F-11D3-BF4B-00C04F79EFBC}") = "TestApp", "TestApp\TestApp.csproj", "{4D7C3D7C-CE57-4877-8524-F0619DD46390}"
EndProject
Project("{FAE04EC0-301F-11D3-BF4B-00C04F79EFBC}") = "V8Unpack", "V8Unpack\V8Unpack.csproj", "{C4644CD2-67AC-4D24-9B20-6FB22A206B73}"
EndProject
Global
	GlobalSection(SolutionConfigurationPlatforms) = preSolution
		Debug|Any CPU = Debug|Any CPU
		Release|Any CPU = Release|Any CPU
	EndGlobalSection
	GlobalSection(ProjectConfigurationPlatforms) = postSolution
		{1FC8B7FD-5DFA-4D10-92EF-EDC49CFA5C7B}.Debug|Any CPU.ActiveCfg = Debug|Any CPU
		{1FC8B7FD-5DFA-4D10-92EF-EDC49CFA5C7B}.Debug|Any CPU.Build.0 = Debug|Any CPU
		{1FC8B7FD-5DFA-4D10-92EF-EDC49CFA5C7B}.Release|Any CPU.ActiveCfg = Release|Any CPU
		{1FC8B7FD-5DFA-4D10-92EF-EDC49CFA5C7B}.Release|Any CPU.Build.0 = Release|Any CPU
		{4D7C3D7C-CE57-4877-8524-F0619DD46390}.Debug|Any CPU.ActiveCfg = Debug|Any CPU
		{4D7C3D7C-CE57-4877-8524-F0619DD46390}.Debug|Any CPU.Build.0 = Debug|Any CPU
		{4D7C3D7C-CE57-4877-8524-F0619DD46390}.Release|Any CPU.ActiveCfg = Release|Any CPU
		{4D7C3D7C-CE57-4877-8524-F0619DD46390}.Release|Any CPU.Build.0 = Release|Any CPU
		{C4644CD2-67AC-4D24-9B20-6FB22A206B73}.Debug|Any CPU.ActiveCfg = Debug|Any CPU
		{C4644CD2-67AC-4D24-9B20-6FB22A206B73}.Debug|Any CPU.Build.0 = Debug|Any CPU
		{C4644CD2-67AC-4D24-9B20-6FB22A206B73}.Release|Any CPU.ActiveCfg = Release|Any CPU
		{C4644CD2-67AC-4D24-9B20-6FB22A206B73}.Release|Any CPU.Build.0 = Release|Any CPU
	EndGlobalSection
	GlobalSection(SolutionProperties) = preSolution
		HideSolutionNode = FALSE
	EndGlobalSection
	GlobalSection(ExtensibilityGlobals) = postSolution
		SolutionGuid = {D47C39E0-B9CE-4673-AFA7-0092176A88E7}
	EndGlobalSection
EndGlobal
